
Microsoft Visual Studio Solution File, Format Version 12.00
# Visual Studio Version 16
VisualStudioVersion = 16.0.31729.503
MinimumVisualStudioVersion = 10.0.40219.1
Project("{FAE04EC0-301F-11D3-BF4B-00C04F79EFBC}") = "Bussiness_Management", "Bussiness_Management\Bussiness_Management.csproj", "{8E77E22D-165E-45CD-A4B0-7F6ACF8A1D22}"
EndProject
Global
	GlobalSection(SolutionConfigurationPlatforms) = preSolution
		Debug|Any CPU = Debug|Any CPU
		Release|Any CPU = Release|Any CPU
	EndGlobalSection
	GlobalSection(ProjectConfigurationPlatforms) = postSolution
		{8E77E22D-165E-45CD-A4B0-7F6ACF8A1D22}.Debug|Any CPU.ActiveCfg = Debug|Any CPU
		{8E77E22D-165E-45CD-A4B0-7F6ACF8A1D22}.Debug|Any CPU.Build.0 = Debug|Any CPU
		{8E77E22D-165E-45CD-A4B0-7F6ACF8A1D22}.Release|Any CPU.ActiveCfg = Release|Any CPU
		{8E77E22D-165E-45CD-A4B0-7F6ACF8A1D22}.Release|Any CPU.Build.0 = Release|Any CPU
	EndGlobalSection
	GlobalSection(SolutionProperties) = preSolution
		HideSolutionNode = FALSE
	EndGlobalSection
	GlobalSection(ExtensibilityGlobals) = postSolution
		SolutionGuid = {3A0CF3FC-7529-4BDD-AACD-2C23FD344C24}
	EndGlobalSection
EndGlobal
